
Microsoft Visual Studio Solution File, Format Version 12.00
# Visual Studio Version 17
VisualStudioVersion = 17.14.36908.2
MinimumVisualStudioVersion = 10.0.40219.1
Project("{FAE04EC0-301F-11D3-BF4B-00C04F79EFBC}") = "Presentation", "Devnet-Vault\Presentation.csproj", "{96D81908-B4FF-448F-85F7-6DD3574378CA}"
EndProject
Project("{FAE04EC0-301F-11D3-BF4B-00C04F79EFBC}") = "Application", "Application\Application.csproj", "{0D95F04E-9190-4682-AD63-6F6777C4357F}"
EndProject
Project("{FAE04EC0-301F-11D3-BF4B-00C04F79EFBC}") = "Domain", "Domain\Domain.csproj", "{2C8633CA-058B-4EB5-97E1-2F0EE40BFC39}"
EndProject
Project("{FAE04EC0-301F-11D3-BF4B-00C04F79EFBC}") = "Infrastructure", "Infrastructure\Infrastructure.csproj", "{22B5CEFF-54B6-4297-9519-240B05886D70}"
EndProject
Global
	GlobalSection(SolutionConfigurationPlatforms) = preSolution
		Debug|Any CPU = Debug|Any CPU
		Release|Any CPU = Release|Any CPU
	EndGlobalSection
	GlobalSection(ProjectConfigurationPlatforms) = postSolution
		{96D81908-B4FF-448F-85F7-6DD3574378CA}.Debug|Any CPU.ActiveCfg = Debug|Any CPU
		{96D81908-B4FF-448F-85F7-6DD3574378CA}.Debug|Any CPU.Build.0 = Debug|Any CPU
		{96D81908-B4FF-448F-85F7-6DD3574378CA}.Release|Any CPU.ActiveCfg = Release|Any CPU
		{96D81908-B4FF-448F-85F7-6DD3574378CA}.Release|Any CPU.Build.0 = Release|Any CPU
		{0D95F04E-9190-4682-AD63-6F6777C4357F}.Debug|Any CPU.ActiveCfg = Debug|Any CPU
		{0D95F04E-9190-4682-AD63-6F6777C4357F}.Debug|Any CPU.Build.0 = Debug|Any CPU
		{0D95F04E-9190-4682-AD63-6F6777C4357F}.Release|Any CPU.ActiveCfg = Release|Any CPU
		{0D95F04E-9190-4682-AD63-6F6777C4357F}.Release|Any CPU.Build.0 = Release|Any CPU
		{2C8633CA-058B-4EB5-97E1-2F0EE40BFC39}.Debug|Any CPU.ActiveCfg = Debug|Any CPU
		{2C8633CA-058B-4EB5-97E1-2F0EE40BFC39}.Debug|Any CPU.Build.0 = Debug|Any CPU
		{2C8633CA-058B-4EB5-97E1-2F0EE40BFC39}.Release|Any CPU.ActiveCfg = Release|Any CPU
		{2C8633CA-058B-4EB5-97E1-2F0EE40BFC39}.Release|Any CPU.Build.0 = Release|Any CPU
		{22B5CEFF-54B6-4297-9519-240B05886D70}.Debug|Any CPU.ActiveCfg = Debug|Any CPU
		{22B5CEFF-54B6-4297-9519-240B05886D70}.Debug|Any CPU.Build.0 = Debug|Any CPU
		{22B5CEFF-54B6-4297-9519-240B05886D70}.Release|Any CPU.ActiveCfg = Release|Any CPU
		{22B5CEFF-54B6-4297-9519-240B05886D70}.Release|Any CPU.Build.0 = Release|Any CPU
	EndGlobalSection
	GlobalSection(SolutionProperties) = preSolution
		HideSolutionNode = FALSE
	EndGlobalSection
	GlobalSection(ExtensibilityGlobals) = postSolution
		SolutionGuid = {8EC1FD81-2E09-442B-9E91-66F6B959052F}
	EndGlobalSection
EndGlobal
